
Microsoft Visual Studio Solution File, Format Version 12.00
# Visual Studio Version 17
VisualStudioVersion = 17.9.34607.119
MinimumVisualStudioVersion = 10.0.40219.1
Project("{FAE04EC0-301F-11D3-BF4B-00C04F79EFBC}") = "REST API With SQL SERVER", "REST API With SQL SERVER\REST API With SQL SERVER.csproj", "{4963E21B-7CD0-45F9-895B-9B83C7B353AD}"
EndProject
Global
	GlobalSection(SolutionConfigurationPlatforms) = preSolution
		Debug|Any CPU = Debug|Any CPU
		Release|Any CPU = Release|Any CPU
	EndGlobalSection
	GlobalSection(ProjectConfigurationPlatforms) = postSolution
		{4963E21B-7CD0-45F9-895B-9B83C7B353AD}.Debug|Any CPU.ActiveCfg = Debug|Any CPU
		{4963E21B-7CD0-45F9-895B-9B83C7B353AD}.Debug|Any CPU.Build.0 = Debug|Any CPU
		{4963E21B-7CD0-45F9-895B-9B83C7B353AD}.Release|Any CPU.ActiveCfg = Release|Any CPU
		{4963E21B-7CD0-45F9-895B-9B83C7B353AD}.Release|Any CPU.Build.0 = Release|Any CPU
	EndGlobalSection
	GlobalSection(SolutionProperties) = preSolution
		HideSolutionNode = FALSE
	EndGlobalSection
	GlobalSection(ExtensibilityGlobals) = postSolution
		SolutionGuid = {A95BF0B1-3E38-4688-8362-5D6DBDBD26DC}
	EndGlobalSection
EndGlobal
