
Microsoft Visual Studio Solution File, Format Version 12.00
# Visual Studio Version 17
VisualStudioVersion = 17.9.34607.119
MinimumVisualStudioVersion = 10.0.40219.1
Project("{FAE04EC0-301F-11D3-BF4B-00C04F79EFBC}") = "Array", "Array\Array.csproj", "{D38C6AB8-DA07-445A-9AC4-DD263C4AF7C8}"
EndProject
Global
	GlobalSection(SolutionConfigurationPlatforms) = preSolution
		Debug|Any CPU = Debug|Any CPU
		Release|Any CPU = Release|Any CPU
	EndGlobalSection
	GlobalSection(ProjectConfigurationPlatforms) = postSolution
		{D38C6AB8-DA07-445A-9AC4-DD263C4AF7C8}.Debug|Any CPU.ActiveCfg = Debug|Any CPU
		{D38C6AB8-DA07-445A-9AC4-DD263C4AF7C8}.Debug|Any CPU.Build.0 = Debug|Any CPU
		{D38C6AB8-DA07-445A-9AC4-DD263C4AF7C8}.Release|Any CPU.ActiveCfg = Release|Any CPU
		{D38C6AB8-DA07-445A-9AC4-DD263C4AF7C8}.Release|Any CPU.Build.0 = Release|Any CPU
	EndGlobalSection
	GlobalSection(SolutionProperties) = preSolution
		HideSolutionNode = FALSE
	EndGlobalSection
	GlobalSection(ExtensibilityGlobals) = postSolution
		SolutionGuid = {6389E300-6CCB-4A4C-BCC1-41CE5054E5EF}
	EndGlobalSection
EndGlobal
